
Microsoft Visual Studio Solution File, Format Version 12.00
# Visual Studio Version 16
VisualStudioVersion = 16.0.29920.165
MinimumVisualStudioVersion = 10.0.40219.1
Project("{FAE04EC0-301F-11D3-BF4B-00C04F79EFBC}") = "LR_31", "LR_31\LR_31.csproj", "{40FC7A65-DBCC-4374-A7B9-79B95893B3B4}"
EndProject
Global
	GlobalSection(SolutionConfigurationPlatforms) = preSolution
		Debug|Any CPU = Debug|Any CPU
		Release|Any CPU = Release|Any CPU
	EndGlobalSection
	GlobalSection(ProjectConfigurationPlatforms) = postSolution
		{40FC7A65-DBCC-4374-A7B9-79B95893B3B4}.Debug|Any CPU.ActiveCfg = Debug|Any CPU
		{40FC7A65-DBCC-4374-A7B9-79B95893B3B4}.Debug|Any CPU.Build.0 = Debug|Any CPU
		{40FC7A65-DBCC-4374-A7B9-79B95893B3B4}.Release|Any CPU.ActiveCfg = Release|Any CPU
		{40FC7A65-DBCC-4374-A7B9-79B95893B3B4}.Release|Any CPU.Build.0 = Release|Any CPU
	EndGlobalSection
	GlobalSection(SolutionProperties) = preSolution
		HideSolutionNode = FALSE
	EndGlobalSection
	GlobalSection(ExtensibilityGlobals) = postSolution
		SolutionGuid = {37C99F1D-A9D1-4B2D-AD2D-0DC8F0D60289}
	EndGlobalSection
EndGlobal
